
Microsoft Visual Studio Solution File, Format Version 12.00
# Visual Studio 2012
Project("{FAE04EC0-301F-11D3-BF4B-00C04F79EFBC}") = "Windows Görev Yöneticisi", "Windows Görev Yöneticisi\Windows Görev Yöneticisi.csproj", "{0CC3E314-BF24-4870-B5F6-F0B0F7E08885}"
EndProject
Global
	GlobalSection(SolutionConfigurationPlatforms) = preSolution
		Debug|Any CPU = Debug|Any CPU
		Release|Any CPU = Release|Any CPU
	EndGlobalSection
	GlobalSection(ProjectConfigurationPlatforms) = postSolution
		{0CC3E314-BF24-4870-B5F6-F0B0F7E08885}.Debug|Any CPU.ActiveCfg = Debug|Any CPU
		{0CC3E314-BF24-4870-B5F6-F0B0F7E08885}.Debug|Any CPU.Build.0 = Debug|Any CPU
		{0CC3E314-BF24-4870-B5F6-F0B0F7E08885}.Release|Any CPU.ActiveCfg = Release|Any CPU
		{0CC3E314-BF24-4870-B5F6-F0B0F7E08885}.Release|Any CPU.Build.0 = Release|Any CPU
	EndGlobalSection
	GlobalSection(SolutionProperties) = preSolution
		HideSolutionNode = FALSE
	EndGlobalSection
EndGlobal
